# This file is generated by running "yarn install" inside your project.
# Manual changes might be lost - proceed with caution!

__metadata:
  version: 8
  cacheKey: 10c0

"blakejs@npm:1.2.1":
  version: 1.2.1
  resolution: "blakejs@npm:1.2.1"
  checksum: 10c0/c284557ce55b9c70203f59d381f1b85372ef08ee616a90162174d1291a45d3e5e809fdf9edab6e998740012538515152471dc4f1f9dbfa974ba2b9c1f7b9aad7
  languageName: node
  linkType: hard

"cachedir@npm:^2.4.0":
  version: 2.4.0
  resolution: "cachedir@npm:2.4.0"
  checksum: 10c0/76bff9009f2c446cd3777a4aede99af634a89670a67012b8041f65e951d3d36cefe8940341ea80c72219ee9913fa1f6146824cd9dfe9874a4bded728af7e6d76
  languageName: node
  linkType: hard

"dotenv@npm:^16.4.5":
  version: 16.4.5
  resolution: "dotenv@npm:16.4.5"
  checksum: 10c0/48d92870076832af0418b13acd6e5a5a3e83bb00df690d9812e94b24aff62b88ade955ac99a05501305b8dc8f1b0ee7638b18493deb6fe93d680e5220936292f
  languageName: node
  linkType: hard

"isomorphic-fetch@npm:^3.0.0":
  version: 3.0.0
  resolution: "isomorphic-fetch@npm:3.0.0"
  dependencies:
    node-fetch: "npm:^2.6.1"
    whatwg-fetch: "npm:^3.4.1"
  checksum: 10c0/511b1135c6d18125a07de661091f5e7403b7640060355d2d704ce081e019bc1862da849482d079ce5e2559b8976d3de7709566063aec1b908369c0b98a2b075b
  languageName: node
  linkType: hard

"js-sha256@npm:^0.9.0":
  version: 0.9.0
  resolution: "js-sha256@npm:0.9.0"
  checksum: 10c0/f20b9245f6ebe666f42ca05536f777301132fb1aa7fbc22f10578fa302717a6cca507344894efdeaf40a011256eb2f7d517b94ac7105bd5cf087fa61551ad634
  languageName: node
  linkType: hard

"nats-web-client@workspace:.":
  version: 0.0.0-use.local
  resolution: "nats-web-client@workspace:."
  dependencies:
    dotenv: "npm:^16.4.5"
    nats: "npm:^2.23.0"
    o1js: "npm:^1.0.1"
    typescript: "npm:^5.4.5"
  languageName: unknown
  linkType: soft

"nats@npm:^2.23.0":
  version: 2.23.0
  resolution: "nats@npm:2.23.0"
  dependencies:
    nkeys.js: "npm:1.1.0"
  checksum: 10c0/dd5fe5c9232318a84e4551c86de8b2257b8ef273103ec810bfd19da719fb43bd40a7b0bbca16523894801e5e55928bea8926f02b849f650a9b09ae7cc3173816
  languageName: node
  linkType: hard

"nkeys.js@npm:1.1.0":
  version: 1.1.0
  resolution: "nkeys.js@npm:1.1.0"
  dependencies:
    tweetnacl: "npm:1.0.3"
  checksum: 10c0/44ff8d61e46d2b345351ed7844d66036a815aeca23927def6ca258e27a18a1678fe5ab161c5cf0b6e3a3993a945d422b71036986d09669b214540c8491478bef
  languageName: node
  linkType: hard

"node-fetch@npm:^2.6.1":
  version: 2.7.0
  resolution: "node-fetch@npm:2.7.0"
  dependencies:
    whatwg-url: "npm:^5.0.0"
  peerDependencies:
    encoding: ^0.1.0
  peerDependenciesMeta:
    encoding:
      optional: true
  checksum: 10c0/b55786b6028208e6fbe594ccccc213cab67a72899c9234eb59dba51062a299ea853210fcf526998eaa2867b0963ad72338824450905679ff0fa304b8c5093ae8
  languageName: node
  linkType: hard

"o1js@npm:^1.0.1":
  version: 1.0.1
  resolution: "o1js@npm:1.0.1"
  dependencies:
    blakejs: "npm:1.2.1"
    cachedir: "npm:^2.4.0"
    isomorphic-fetch: "npm:^3.0.0"
    js-sha256: "npm:^0.9.0"
    reflect-metadata: "npm:^0.1.13"
    tslib: "npm:^2.3.0"
  bin:
    snarky-run: src/build/run.js
  checksum: 10c0/1a541c2567065472f05675f02a5f2dc09cf4860f7e083a2789ea8959afc4ffae37fe78802dccb8349875b720c08282c001f9de4a207352d0ec848b121172b0d1
  languageName: node
  linkType: hard

"reflect-metadata@npm:^0.1.13":
  version: 0.1.14
  resolution: "reflect-metadata@npm:0.1.14"
  checksum: 10c0/3a6190c7f6cb224f26a012d11f9e329360c01c1945e2cbefea23976a8bacf9db6b794aeb5bf18adcb673c448a234fbc06fc41853c00a6c206b30f0777ecf019e
  languageName: node
  linkType: hard

"tr46@npm:~0.0.3":
  version: 0.0.3
  resolution: "tr46@npm:0.0.3"
  checksum: 10c0/047cb209a6b60c742f05c9d3ace8fa510bff609995c129a37ace03476a9b12db4dbf975e74600830ef0796e18882b2381fb5fb1f6b4f96b832c374de3ab91a11
  languageName: node
  linkType: hard

"tslib@npm:^2.3.0":
  version: 2.6.2
  resolution: "tslib@npm:2.6.2"
  checksum: 10c0/e03a8a4271152c8b26604ed45535954c0a45296e32445b4b87f8a5abdb2421f40b59b4ca437c4346af0f28179780d604094eb64546bee2019d903d01c6c19bdb
  languageName: node
  linkType: hard

"tweetnacl@npm:1.0.3":
  version: 1.0.3
  resolution: "tweetnacl@npm:1.0.3"
  checksum: 10c0/069d9df51e8ad4a89fbe6f9806c68e06c65be3c7d42f0701cc43dba5f0d6064686b238bbff206c5addef8854e3ce00c643bff59432ea2f2c639feab0ee1a93f9
  languageName: node
  linkType: hard

"typescript@npm:^5.4.5":
  version: 5.4.5
  resolution: "typescript@npm:5.4.5"
  bin:
    tsc: bin/tsc
    tsserver: bin/tsserver
  checksum: 10c0/2954022ada340fd3d6a9e2b8e534f65d57c92d5f3989a263754a78aba549f7e6529acc1921913560a4b816c46dce7df4a4d29f9f11a3dc0d4213bb76d043251e
  languageName: node
  linkType: hard

"typescript@patch:typescript@npm%3A^5.4.5#optional!builtin<compat/typescript>":
  version: 5.4.5
  resolution: "typescript@patch:typescript@npm%3A5.4.5#optional!builtin<compat/typescript>::version=5.4.5&hash=5adc0c"
  bin:
    tsc: bin/tsc
    tsserver: bin/tsserver
  checksum: 10c0/db2ad2a16ca829f50427eeb1da155e7a45e598eec7b086d8b4e8ba44e5a235f758e606d681c66992230d3fc3b8995865e5fd0b22a2c95486d0b3200f83072ec9
  languageName: node
  linkType: hard

"webidl-conversions@npm:^3.0.0":
  version: 3.0.1
  resolution: "webidl-conversions@npm:3.0.1"
  checksum: 10c0/5612d5f3e54760a797052eb4927f0ddc01383550f542ccd33d5238cfd65aeed392a45ad38364970d0a0f4fea32e1f4d231b3d8dac4a3bdd385e5cf802ae097db
  languageName: node
  linkType: hard

"whatwg-fetch@npm:^3.4.1":
  version: 3.6.20
  resolution: "whatwg-fetch@npm:3.6.20"
  checksum: 10c0/fa972dd14091321d38f36a4d062298df58c2248393ef9e8b154493c347c62e2756e25be29c16277396046d6eaa4b11bd174f34e6403fff6aaca9fb30fa1ff46d
  languageName: node
  linkType: hard

"whatwg-url@npm:^5.0.0":
  version: 5.0.0
  resolution: "whatwg-url@npm:5.0.0"
  dependencies:
    tr46: "npm:~0.0.3"
    webidl-conversions: "npm:^3.0.0"
  checksum: 10c0/1588bed84d10b72d5eec1d0faa0722ba1962f1821e7539c535558fb5398d223b0c50d8acab950b8c488b4ba69043fd833cc2697056b167d8ad46fac3995a55d5
  languageName: node
  linkType: hard
